
Microsoft Visual Studio Solution File, Format Version 12.00
# Visual Studio Version 16
VisualStudioVersion = 16.0.31321.278
MinimumVisualStudioVersion = 10.0.40219.1
Project("{9A19103F-16F7-4668-BE54-9A1E7A4F7556}") = "AccountIntelligenceTool", "AccountIntelligenceTool\AccountIntelligenceTool.csproj", "{DAE6D92C-65E8-4A09-B08E-5989F32B52EE}"
EndProject
Global
	GlobalSection(SolutionConfigurationPlatforms) = preSolution
		Debug|Any CPU = Debug|Any CPU
		Release|Any CPU = Release|Any CPU
	EndGlobalSection
	GlobalSection(ProjectConfigurationPlatforms) = postSolution
		{DAE6D92C-65E8-4A09-B08E-5989F32B52EE}.Debug|Any CPU.ActiveCfg = Debug|Any CPU
		{DAE6D92C-65E8-4A09-B08E-5989F32B52EE}.Debug|Any CPU.Build.0 = Debug|Any CPU
		{DAE6D92C-65E8-4A09-B08E-5989F32B52EE}.Release|Any CPU.ActiveCfg = Release|Any CPU
		{DAE6D92C-65E8-4A09-B08E-5989F32B52EE}.Release|Any CPU.Build.0 = Release|Any CPU
	EndGlobalSection
	GlobalSection(SolutionProperties) = preSolution
		HideSolutionNode = FALSE
	EndGlobalSection
	GlobalSection(ExtensibilityGlobals) = postSolution
		SolutionGuid = {D88EB1DD-64DA-4A14-A897-047382AE3A02}
	EndGlobalSection
EndGlobal
